// !$*UTF8*$!
{
	archiveVersion = 1;
	classes = {
	};
	objectVersion = 46;
	objects = {

/* Begin PBXBuildFile section */
		3CAE6F39219E550FA6FED092 /* Pods_JianSan_Wallpaper.framework in Frameworks */ = {isa = PBXBuildFile; fileRef = F750E282254FD16A770D836D /* Pods_JianSan_Wallpaper.framework */; };
		A505597B1C6310EA008DB463 /* JFHomeTableViewController.swift in Sources */ = {isa = PBXBuildFile; fileRef = A505597A1C6310EA008DB463 /* JFHomeTableViewController.swift */; };
		A505597D1C63110E008DB463 /* JFHomeCell.swift in Sources */ = {isa = PBXBuildFile; fileRef = A505597C1C63110E008DB463 /* JFHomeCell.swift */; };
		A505597F1C631156008DB463 /* JFDetailViewController.swift in Sources */ = {isa = PBXBuildFile; fileRef = A505597E1C631156008DB463 /* JFDetailViewController.swift */; };
		A50559831C6311D2008DB463 /* JFNetworkTools.swift in Sources */ = {isa = PBXBuildFile; fileRef = A50559821C6311D2008DB463 /* JFNetworkTools.swift */; };
		A50559851C6315E4008DB463 /* api.swift in Sources */ = {isa = PBXBuildFile; fileRef = A50559841C6315E4008DB463 /* api.swift */; };
		A50559871C631A7C008DB463 /* Common.swift in Sources */ = {isa = PBXBuildFile; fileRef = A50559861C631A7C008DB463 /* Common.swift */; };
		A57901391C62E55D00B89DB7 /* AppDelegate.swift in Sources */ = {isa = PBXBuildFile; fileRef = A57901251C62E55D00B89DB7 /* AppDelegate.swift */; };
		A579013B1C62EA2900B89DB7 /* JFNavigationController.swift in Sources */ = {isa = PBXBuildFile; fileRef = A579013A1C62EA2900B89DB7 /* JFNavigationController.swift */; };
		B2015D0E1CCA0F34000BC6A0 /* JFContextSheet.swift in Sources */ = {isa = PBXBuildFile; fileRef = B2015D0D1CCA0F34000BC6A0 /* JFContextSheet.swift */; };
		B2015D101CCA0F4F000BC6A0 /* JFContextItem.swift in Sources */ = {isa = PBXBuildFile; fileRef = B2015D0F1CCA0F4F000BC6A0 /* JFContextItem.swift */; };
		B2015D121CCA131D000BC6A0 /* Assets.xcassets in Resources */ = {isa = PBXBuildFile; fileRef = B2015D111CCA131D000BC6A0 /* Assets.xcassets */; };
/* End PBXBuildFile section */

/* Begin PBXFileReference section */
		79CFC176D4BB96F10B74A093 /* Pods-JianSan Wallpaper.release.xcconfig */ = {isa = PBXFileReference; includeInIndex = 1; lastKnownFileType = text.xcconfig; name = "Pods-JianSan Wallpaper.release.xcconfig"; path = "Pods/Target Support Files/Pods-JianSan Wallpaper/Pods-JianSan Wallpaper.release.xcconfig"; sourceTree = "<group>"; };
		8F3A1C8C1A7668E40465CAFE /* Pods-JianSan Wallpaper.debug.xcconfig */ = {isa = PBXFileReference; includeInIndex = 1; lastKnownFileType = text.xcconfig; name = "Pods-JianSan Wallpaper.debug.xcconfig"; path = "Pods/Target Support Files/Pods-JianSan Wallpaper/Pods-JianSan Wallpaper.debug.xcconfig"; sourceTree = "<group>"; };
		A505597A1C6310EA008DB463 /* JFHomeTableViewController.swift */ = {isa = PBXFileReference; fileEncoding = 4; lastKnownFileType = sourcecode.swift; path = JFHomeTableViewController.swift; sourceTree = "<group>"; };
		A505597C1C63110E008DB463 /* JFHomeCell.swift */ = {isa = PBXFileReference; fileEncoding = 4; lastKnownFileType = sourcecode.swift; path = JFHomeCell.swift; sourceTree = "<group>"; };
		A505597E1C631156008DB463 /* JFDetailViewController.swift */ = {isa = PBXFileReference; fileEncoding = 4; lastKnownFileType = sourcecode.swift; path = JFDetailViewController.swift; sourceTree = "<group>"; };
		A50559821C6311D2008DB463 /* JFNetworkTools.swift */ = {isa = PBXFileReference; fileEncoding = 4; lastKnownFileType = sourcecode.swift; path = JFNetworkTools.swift; sourceTree = "<group>"; };
		A50559841C6315E4008DB463 /* api.swift */ = {isa = PBXFileReference; fileEncoding = 4; lastKnownFileType = sourcecode.swift; path = api.swift; sourceTree = "<group>"; };
		A50559861C631A7C008DB463 /* Common.swift */ = {isa = PBXFileReference; fileEncoding = 4; lastKnownFileType = sourcecode.swift; path = Common.swift; sourceTree = "<group>"; };
		A50559A41C6334CE008DB463 /* JianSan-Wallpaper-Bridging-Header.h */ = {isa = PBXFileReference; lastKnownFileType = sourcecode.c.h; path = "JianSan-Wallpaper-Bridging-Header.h"; sourceTree = "<group>"; };
		A579010E1C62E31700B89DB7 /* JianSan Wallpaper.app */ = {isa = PBXFileReference; explicitFileType = wrapper.application; includeInIndex = 0; path = "JianSan Wallpaper.app"; sourceTree = BUILT_PRODUCTS_DIR; };
		A579011D1C62E31700B89DB7 /* Info.plist */ = {isa = PBXFileReference; lastKnownFileType = text.plist.xml; path = Info.plist; sourceTree = "<group>"; };
		A57901251C62E55D00B89DB7 /* AppDelegate.swift */ = {isa = PBXFileReference; fileEncoding = 4; lastKnownFileType = sourcecode.swift; path = AppDelegate.swift; sourceTree = "<group>"; };
		A579013A1C62EA2900B89DB7 /* JFNavigationController.swift */ = {isa = PBXFileReference; fileEncoding = 4; lastKnownFileType = sourcecode.swift; path = JFNavigationController.swift; sourceTree = "<group>"; };
		B2015D0D1CCA0F34000BC6A0 /* JFContextSheet.swift */ = {isa = PBXFileReference; fileEncoding = 4; lastKnownFileType = sourcecode.swift; path = JFContextSheet.swift; sourceTree = "<group>"; };
		B2015D0F1CCA0F4F000BC6A0 /* JFContextItem.swift */ = {isa = PBXFileReference; fileEncoding = 4; lastKnownFileType = sourcecode.swift; path = JFContextItem.swift; sourceTree = "<group>"; };
		B2015D111CCA131D000BC6A0 /* Assets.xcassets */ = {isa = PBXFileReference; lastKnownFileType = folder.assetcatalog; path = Assets.xcassets; sourceTree = "<group>"; };
		F750E282254FD16A770D836D /* Pods_JianSan_Wallpaper.framework */ = {isa = PBXFileReference; explicitFileType = wrapper.framework; includeInIndex = 0; path = Pods_JianSan_Wallpaper.framework; sourceTree = BUILT_PRODUCTS_DIR; };
/* End PBXFileReference section */

/* Begin PBXFrameworksBuildPhase section */
		A579010B1C62E31600B89DB7 /* Frameworks */ = {
			isa = PBXFrameworksBuildPhase;
			buildActionMask = 2147483647;
			files = (
				3CAE6F39219E550FA6FED092 /* Pods_JianSan_Wallpaper.framework in Frameworks */,
			);
			runOnlyForDeploymentPostprocessing = 0;
		};
/* End PBXFrameworksBuildPhase section */

/* Begin PBXGroup section */
		A57901051C62E31600B89DB7 = {
			isa = PBXGroup;
			children = (
				A57901101C62E31700B89DB7 /* JianSan Wallpaper */,
				A579010F1C62E31700B89DB7 /* Products */,
				B41015C618EC22AE7E466DE4 /* Pods */,
				EC8ECE63E49030240D9789D8 /* Frameworks */,
			);
			sourceTree = "<group>";
		};
		A579010F1C62E31700B89DB7 /* Products */ = {
			isa = PBXGroup;
			children = (
				A579010E1C62E31700B89DB7 /* JianSan Wallpaper.app */,
			);
			name = Products;
			sourceTree = "<group>";
		};
		A57901101C62E31700B89DB7 /* JianSan Wallpaper */ = {
			isa = PBXGroup;
			children = (
				A579011D1C62E31700B89DB7 /* Info.plist */,
				A50559A41C6334CE008DB463 /* JianSan-Wallpaper-Bridging-Header.h */,
				B2015D111CCA131D000BC6A0 /* Assets.xcassets */,
				A57901231C62E55D00B89DB7 /* Classes */,
			);
			path = "JianSan Wallpaper";
			sourceTree = "<group>";
		};
		A57901231C62E55D00B89DB7 /* Classes */ = {
			isa = PBXGroup;
			children = (
				A57901241C62E55D00B89DB7 /* Application */,
				A57901261C62E55D00B89DB7 /* Categories */,
				A57901361C62E55D00B89DB7 /* Vender */,
				A57901351C62E55D00B89DB7 /* Utils */,
				A57901271C62E55D00B89DB7 /* Model */,
				A57901281C62E55D00B89DB7 /* Module */,
			);
			path = Classes;
			sourceTree = "<group>";
		};
		A57901241C62E55D00B89DB7 /* Application */ = {
			isa = PBXGroup;
			children = (
				A57901251C62E55D00B89DB7 /* AppDelegate.swift */,
				A50559861C631A7C008DB463 /* Common.swift */,
				A50559841C6315E4008DB463 /* api.swift */,
			);
			path = Application;
			sourceTree = "<group>";
		};
		A57901261C62E55D00B89DB7 /* Categories */ = {
			isa = PBXGroup;
			children = (
			);
			path = Categories;
			sourceTree = "<group>";
		};
		A57901271C62E55D00B89DB7 /* Model */ = {
			isa = PBXGroup;
			children = (
			);
			path = Model;
			sourceTree = "<group>";
		};
		A57901281C62E55D00B89DB7 /* Module */ = {
			isa = PBXGroup;
			children = (
				A579012D1C62E55D00B89DB7 /* Main */,
				A57901291C62E55D00B89DB7 /* Home */,
				A57901311C62E55D00B89DB7 /* Profile */,
			);
			path = Module;
			sourceTree = "<group>";
		};
		A57901291C62E55D00B89DB7 /* Home */ = {
			isa = PBXGroup;
			children = (
				A579012A1C62E55D00B89DB7 /* Controller */,
				A579012B1C62E55D00B89DB7 /* Model */,
				A579012C1C62E55D00B89DB7 /* View */,
			);
			path = Home;
			sourceTree = "<group>";
		};
		A579012A1C62E55D00B89DB7 /* Controller */ = {
			isa = PBXGroup;
			children = (
				A505597A1C6310EA008DB463 /* JFHomeTableViewController.swift */,
				A505597E1C631156008DB463 /* JFDetailViewController.swift */,
			);
			path = Controller;
			sourceTree = "<group>";
		};
		A579012B1C62E55D00B89DB7 /* Model */ = {
			isa = PBXGroup;
			children = (
			);
			path = Model;
			sourceTree = "<group>";
		};
		A579012C1C62E55D00B89DB7 /* View */ = {
			isa = PBXGroup;
			children = (
				A505597C1C63110E008DB463 /* JFHomeCell.swift */,
			);
			path = View;
			sourceTree = "<group>";
		};
		A579012D1C62E55D00B89DB7 /* Main */ = {
			isa = PBXGroup;
			children = (
				A579012E1C62E55D00B89DB7 /* Controller */,
				A579012F1C62E55D00B89DB7 /* Model */,
				A57901301C62E55D00B89DB7 /* View */,
			);
			path = Main;
			sourceTree = "<group>";
		};
		A579012E1C62E55D00B89DB7 /* Controller */ = {
			isa = PBXGroup;
			children = (
				A579013A1C62EA2900B89DB7 /* JFNavigationController.swift */,
			);
			path = Controller;
			sourceTree = "<group>";
		};
		A579012F1C62E55D00B89DB7 /* Model */ = {
			isa = PBXGroup;
			children = (
			);
			path = Model;
			sourceTree = "<group>";
		};
		A57901301C62E55D00B89DB7 /* View */ = {
			isa = PBXGroup;
			children = (
			);
			path = View;
			sourceTree = "<group>";
		};
		A57901311C62E55D00B89DB7 /* Profile */ = {
			isa = PBXGroup;
			children = (
				A57901321C62E55D00B89DB7 /* Controller */,
				A57901331C62E55D00B89DB7 /* Model */,
				A57901341C62E55D00B89DB7 /* View */,
			);
			path = Profile;
			sourceTree = "<group>";
		};
		A57901321C62E55D00B89DB7 /* Controller */ = {
			isa = PBXGroup;
			children = (
			);
			path = Controller;
			sourceTree = "<group>";
		};
		A57901331C62E55D00B89DB7 /* Model */ = {
			isa = PBXGroup;
			children = (
			);
			path = Model;
			sourceTree = "<group>";
		};
		A57901341C62E55D00B89DB7 /* View */ = {
			isa = PBXGroup;
			children = (
			);
			path = View;
			sourceTree = "<group>";
		};
		A57901351C62E55D00B89DB7 /* Utils */ = {
			isa = PBXGroup;
			children = (
				A50559821C6311D2008DB463 /* JFNetworkTools.swift */,
			);
			path = Utils;
			sourceTree = "<group>";
		};
		A57901361C62E55D00B89DB7 /* Vender */ = {
			isa = PBXGroup;
			children = (
				B2015D0C1CCA0F0F000BC6A0 /* JFContextSheet */,
			);
			path = Vender;
			sourceTree = "<group>";
		};
		B2015D0C1CCA0F0F000BC6A0 /* JFContextSheet */ = {
			isa = PBXGroup;
			children = (
				B2015D0D1CCA0F34000BC6A0 /* JFContextSheet.swift */,
				B2015D0F1CCA0F4F000BC6A0 /* JFContextItem.swift */,
			);
			path = JFContextSheet;
			sourceTree = "<group>";
		};
		B41015C618EC22AE7E466DE4 /* Pods */ = {
			isa = PBXGroup;
			children = (
				8F3A1C8C1A7668E40465CAFE /* Pods-JianSan Wallpaper.debug.xcconfig */,
				79CFC176D4BB96F10B74A093 /* Pods-JianSan Wallpaper.release.xcconfig */,
			);
			name = Pods;
			sourceTree = "<group>";
		};
		EC8ECE63E49030240D9789D8 /* Frameworks */ = {
			isa = PBXGroup;
			children = (
				F750E282254FD16A770D836D /* Pods_JianSan_Wallpaper.framework */,
			);
			name = Frameworks;
			sourceTree = "<group>";
		};
/* End PBXGroup section */

/* Begin PBXNativeTarget section */
		A579010D1C62E31600B89DB7 /* JianSan Wallpaper */ = {
			isa = PBXNativeTarget;
			buildConfigurationList = A57901201C62E31700B89DB7 /* Build configuration list for PBXNativeTarget "JianSan Wallpaper" */;
			buildPhases = (
				094BBAA56964731DAE889B53 /* Check Pods Manifest.lock */,
				A579010A1C62E31600B89DB7 /* Sources */,
				A579010B1C62E31600B89DB7 /* Frameworks */,
				A579010C1C62E31600B89DB7 /* Resources */,
				CAAE62798F9F8DDA6672F298 /* Embed Pods Frameworks */,
				1B6929E6C48D665250C371B7 /* Copy Pods Resources */,
			);
			buildRules = (
			);
			dependencies = (
			);
			name = "JianSan Wallpaper";
			productName = "JianSan Wallpaper";
			productReference = A579010E1C62E31700B89DB7 /* JianSan Wallpaper.app */;
			productType = "com.apple.product-type.application";
		};
/* End PBXNativeTarget section */

/* Begin PBXProject section */
		A57901061C62E31600B89DB7 /* Project object */ = {
			isa = PBXProject;
			attributes = {
				CLASSPREFIX = JF;
				LastSwiftUpdateCheck = 0720;
				LastUpgradeCheck = 0720;
				ORGANIZATIONNAME = "六阿哥";
				TargetAttributes = {
					A579010D1C62E31600B89DB7 = {
						CreatedOnToolsVersion = 7.2;
					};
				};
			};
			buildConfigurationList = A57901091C62E31600B89DB7 /* Build configuration list for PBXProject "JianSan Wallpaper" */;
			compatibilityVersion = "Xcode 3.2";
			developmentRegion = English;
			hasScannedForEncodings = 0;
			knownRegions = (
				en,
				Base,
			);
			mainGroup = A57901051C62E31600B89DB7;
			productRefGroup = A579010F1C62E31700B89DB7 /* Products */;
			projectDirPath = "";
			projectRoot = "";
			targets = (
				A579010D1C62E31600B89DB7 /* JianSan Wallpaper */,
			);
		};
/* End PBXProject section */

/* Begin PBXResourcesBuildPhase section */
		A579010C1C62E31600B89DB7 /* Resources */ = {
			isa = PBXResourcesBuildPhase;
			buildActionMask = 2147483647;
			files = (
				B2015D121CCA131D000BC6A0 /* Assets.xcassets in Resources */,
			);
			runOnlyForDeploymentPostprocessing = 0;
		};
/* End PBXResourcesBuildPhase section */

/* Begin PBXShellScriptBuildPhase section */
		094BBAA56964731DAE889B53 /* Check Pods Manifest.lock */ = {
			isa = PBXShellScriptBuildPhase;
			buildActionMask = 2147483647;
			files = (
			);
			inputPaths = (
			);
			name = "Check Pods Manifest.lock";
			outputPaths = (
			);
			runOnlyForDeploymentPostprocessing = 0;
			shellPath = /bin/sh;
			shellScript = "diff \"${PODS_ROOT}/../Podfile.lock\" \"${PODS_ROOT}/Manifest.lock\" > /dev/null\nif [[ $? != 0 ]] ; then\n    cat << EOM\nerror: The sandbox is not in sync with the Podfile.lock. Run 'pod install' or update your CocoaPods installation.\nEOM\n    exit 1\nfi\n";
			showEnvVarsInLog = 0;
		};
		1B6929E6C48D665250C371B7 /* Copy Pods Resources */ = {
			isa = PBXShellScriptBuildPhase;
			buildActionMask = 2147483647;
			files = (
			);
			inputPaths = (
			);
			name = "Copy Pods Resources";
			outputPaths = (
			);
			runOnlyForDeploymentPostprocessing = 0;
			shellPath = /bin/sh;
			shellScript = "\"${SRCROOT}/Pods/Target Support Files/Pods-JianSan Wallpaper/Pods-JianSan Wallpaper-resources.sh\"\n";
			showEnvVarsInLog = 0;
		};
		CAAE62798F9F8DDA6672F298 /* Embed Pods Frameworks */ = {
			isa = PBXShellScriptBuildPhase;
			buildActionMask = 2147483647;
			files = (
			);
			inputPaths = (
			);
			name = "Embed Pods Frameworks";
			outputPaths = (
			);
			runOnlyForDeploymentPostprocessing = 0;
			shellPath = /bin/sh;
			shellScript = "\"${SRCROOT}/Pods/Target Support Files/Pods-JianSan Wallpaper/Pods-JianSan Wallpaper-frameworks.sh\"\n";
			showEnvVarsInLog = 0;
		};
/* End PBXShellScriptBuildPhase section */

/* Begin PBXSourcesBuildPhase section */
		A579010A1C62E31600B89DB7 /* Sources */ = {
			isa = PBXSourcesBuildPhase;
			buildActionMask = 2147483647;
			files = (
				A505597D1C63110E008DB463 /* JFHomeCell.swift in Sources */,
				A50559831C6311D2008DB463 /* JFNetworkTools.swift in Sources */,
				B2015D0E1CCA0F34000BC6A0 /* JFContextSheet.swift in Sources */,
				A505597F1C631156008DB463 /* JFDetailViewController.swift in Sources */,
				B2015D101CCA0F4F000BC6A0 /* JFContextItem.swift in Sources */,
				A50559871C631A7C008DB463 /* Common.swift in Sources */,
				A57901391C62E55D00B89DB7 /* AppDelegate.swift in Sources */,
				A579013B1C62EA2900B89DB7 /* JFNavigationController.swift in Sources */,
				A50559851C6315E4008DB463 /* api.swift in Sources */,
				A505597B1C6310EA008DB463 /* JFHomeTableViewController.swift in Sources */,
			);
			runOnlyForDeploymentPostprocessing = 0;
		};
/* End PBXSourcesBuildPhase section */

/* Begin XCBuildConfiguration section */
		A579011E1C62E31700B89DB7 /* Debug */ = {
			isa = XCBuildConfiguration;
			buildSettings = {
				ALWAYS_SEARCH_USER_PATHS = NO;
				CLANG_CXX_LANGUAGE_STANDARD = "gnu++0x";
				CLANG_CXX_LIBRARY = "libc++";
				CLANG_ENABLE_MODULES = YES;
				CLANG_ENABLE_OBJC_ARC = YES;
				CLANG_WARN_BOOL_CONVERSION = YES;
				CLANG_WARN_CONSTANT_CONVERSION = YES;
				CLANG_WARN_DIRECT_OBJC_ISA_USAGE = YES_ERROR;
				CLANG_WARN_EMPTY_BODY = YES;
				CLANG_WARN_ENUM_CONVERSION = YES;
				CLANG_WARN_INT_CONVERSION = YES;
				CLANG_WARN_OBJC_ROOT_CLASS = YES_ERROR;
				CLANG_WARN_UNREACHABLE_CODE = YES;
				CLANG_WARN__DUPLICATE_METHOD_MATCH = YES;
				"CODE_SIGN_IDENTITY[sdk=iphoneos*]" = "iPhone Developer";
				COPY_PHASE_STRIP = NO;
				DEBUG_INFORMATION_FORMAT = dwarf;
				ENABLE_STRICT_OBJC_MSGSEND = YES;
				ENABLE_TESTABILITY = YES;
				GCC_C_LANGUAGE_STANDARD = gnu99;
				GCC_DYNAMIC_NO_PIC = NO;
				GCC_NO_COMMON_BLOCKS = YES;
				GCC_OPTIMIZATION_LEVEL = 0;
				GCC_PREPROCESSOR_DEFINITIONS = (
					"DEBUG=1",
					"$(inherited)",
				);
				GCC_WARN_64_TO_32_BIT_CONVERSION = YES;
				GCC_WARN_ABOUT_RETURN_TYPE = YES_ERROR;
				GCC_WARN_UNDECLARED_SELECTOR = YES;
				GCC_WARN_UNINITIALIZED_AUTOS = YES_AGGRESSIVE;
				GCC_WARN_UNUSED_FUNCTION = YES;
				GCC_WARN_UNUSED_VARIABLE = YES;
				IPHONEOS_DEPLOYMENT_TARGET = 9.2;
				MTL_ENABLE_DEBUG_INFO = YES;
				ONLY_ACTIVE_ARCH = YES;
				SDKROOT = iphoneos;
				SWIFT_OPTIMIZATION_LEVEL = "-Onone";
			};
			name = Debug;
		};
		A579011F1C62E31700B89DB7 /* Release */ = {
			isa = XCBuildConfiguration;
			buildSettings = {
				ALWAYS_SEARCH_USER_PATHS = NO;
				CLANG_CXX_LANGUAGE_STANDARD = "gnu++0x";
				CLANG_CXX_LIBRARY = "libc++";
				CLANG_ENABLE_MODULES = YES;
				CLANG_ENABLE_OBJC_ARC = YES;
				CLANG_WARN_BOOL_CONVERSION = YES;
				CLANG_WARN_CONSTANT_CONVERSION = YES;
				CLANG_WARN_DIRECT_OBJC_ISA_USAGE = YES_ERROR;
				CLANG_WARN_EMPTY_BODY = YES;
				CLANG_WARN_ENUM_CONVERSION = YES;
				CLANG_WARN_INT_CONVERSION = YES;
				CLANG_WARN_OBJC_ROOT_CLASS = YES_ERROR;
				CLANG_WARN_UNREACHABLE_CODE = YES;
				CLANG_WARN__DUPLICATE_METHOD_MATCH = YES;
				"CODE_SIGN_IDENTITY[sdk=iphoneos*]" = "iPhone Developer";
				COPY_PHASE_STRIP = NO;
				DEBUG_INFORMATION_FORMAT = "dwarf-with-dsym";
				ENABLE_NS_ASSERTIONS = NO;
				ENABLE_STRICT_OBJC_MSGSEND = YES;
				GCC_C_LANGUAGE_STANDARD = gnu99;
				GCC_NO_COMMON_BLOCKS = YES;
				GCC_WARN_64_TO_32_BIT_CONVERSION = YES;
				GCC_WARN_ABOUT_RETURN_TYPE = YES_ERROR;
				GCC_WARN_UNDECLARED_SELECTOR = YES;
				GCC_WARN_UNINITIALIZED_AUTOS = YES_AGGRESSIVE;
				GCC_WARN_UNUSED_FUNCTION = YES;
				GCC_WARN_UNUSED_VARIABLE = YES;
				IPHONEOS_DEPLOYMENT_TARGET = 9.2;
				MTL_ENABLE_DEBUG_INFO = NO;
				SDKROOT = iphoneos;
				VALIDATE_PRODUCT = YES;
			};
			name = Release;
		};
		A57901211C62E31700B89DB7 /* Debug */ = {
			isa = XCBuildConfiguration;
			baseConfigurationReference = 8F3A1C8C1A7668E40465CAFE /* Pods-JianSan Wallpaper.debug.xcconfig */;
			buildSettings = {
				ASSETCATALOG_COMPILER_APPICON_NAME = AppIcon;
				ASSETCATALOG_COMPILER_LAUNCHIMAGE_NAME = "Brand Assets";
				INFOPLIST_FILE = "JianSan Wallpaper/Info.plist";
				IPHONEOS_DEPLOYMENT_TARGET = 8.0;
				LD_RUNPATH_SEARCH_PATHS = "$(inherited) @executable_path/Frameworks";
				PRODUCT_BUNDLE_IDENTIFIER = "cn.6ag.JianSan-Wallpaper";
				PRODUCT_NAME = "$(TARGET_NAME)";
				SWIFT_OBJC_BRIDGING_HEADER = "$(SRCROOT)/JianSan Wallpaper/JianSan-Wallpaper-Bridging-Header.h";
			};
			name = Debug;
		};
		A57901221C62E31700B89DB7 /* Release */ = {
			isa = XCBuildConfiguration;
			baseConfigurationReference = 79CFC176D4BB96F10B74A093 /* Pods-JianSan Wallpaper.release.xcconfig */;
			buildSettings = {
				ASSETCATALOG_COMPILER_APPICON_NAME = AppIcon;
				ASSETCATALOG_COMPILER_LAUNCHIMAGE_NAME = "Brand Assets";
				INFOPLIST_FILE = "JianSan Wallpaper/Info.plist";
				IPHONEOS_DEPLOYMENT_TARGET = 8.0;
				LD_RUNPATH_SEARCH_PATHS = "$(inherited) @executable_path/Frameworks";
				PRODUCT_BUNDLE_IDENTIFIER = "cn.6ag.JianSan-Wallpaper";
				PRODUCT_NAME = "$(TARGET_NAME)";
				SWIFT_OBJC_BRIDGING_HEADER = "$(SRCROOT)/JianSan Wallpaper/JianSan-Wallpaper-Bridging-Header.h";
			};
			name = Release;
		};
/* End XCBuildConfiguration section */

/* Begin XCConfigurationList section */
		A57901091C62E31600B89DB7 /* Build configuration list for PBXProject "JianSan Wallpaper" */ = {
			isa = XCConfigurationList;
			buildConfigurations = (
				A579011E1C62E31700B89DB7 /* Debug */,
				A579011F1C62E31700B89DB7 /* Release */,
			);
			defaultConfigurationIsVisible = 0;
			defaultConfigurationName = Release;
		};
		A57901201C62E31700B89DB7 /* Build configuration list for PBXNativeTarget "JianSan Wallpaper" */ = {
			isa = XCConfigurationList;
			buildConfigurations = (
				A57901211C62E31700B89DB7 /* Debug */,
				A57901221C62E31700B89DB7 /* Release */,
			);
			defaultConfigurationIsVisible = 0;
			defaultConfigurationName = Release;
		};
/* End XCConfigurationList section */
	};
	rootObject = A57901061C62E31600B89DB7 /* Project object */;
}
